
Microsoft Visual Studio Solution File, Format Version 12.00
# Visual Studio Version 17
VisualStudioVersion = 17.5.33502.453
MinimumVisualStudioVersion = 10.0.40219.1
Project("{9A19103F-16F7-4668-BE54-9A1E7A4F7556}") = "001_Exceptions", "01_Exceptions\001_Exceptions.csproj", "{1471BC68-1AB7-4CE3-9881-D3BA0085191A}"
EndProject
Project("{2150E333-8FDC-42A3-9474-1A3956D46DE8}") = "01_Exception", "01_Exception", "{7493D4EA-1A17-4974-9A3E-B266EFB472BC}"
EndProject
Project("{2150E333-8FDC-42A3-9474-1A3956D46DE8}") = "02_Logging", "02_Logging", "{70E8D8AA-C430-409D-9CB9-99B631239AEE}"
EndProject
Project("{9A19103F-16F7-4668-BE54-9A1E7A4F7556}") = "002_Exceptions", "002_Exceptions\002_Exceptions.csproj", "{7A0E83AF-C26E-4EF3-81CE-D58F2BED7653}"
EndProject
Project("{9A19103F-16F7-4668-BE54-9A1E7A4F7556}") = "003_Exceptions", "003_Exceptions\003_Exceptions.csproj", "{63067CFB-55E6-4117-A245-B1BB3F2F06F4}"
EndProject
Project("{9A19103F-16F7-4668-BE54-9A1E7A4F7556}") = "004_Exceptions", "004_Exceptions\004_Exceptions.csproj", "{36EBCC02-0F52-46B3-B78E-4F2E5DAE7B36}"
EndProject
Project("{9A19103F-16F7-4668-BE54-9A1E7A4F7556}") = "005_Exceptions", "005_Exceptions\005_Exceptions.csproj", "{DE076138-37D5-4107-A35B-FE3E7D6856E4}"
EndProject
Project("{9A19103F-16F7-4668-BE54-9A1E7A4F7556}") = "006_Exceptions", "006_Exceptions\006_Exceptions.csproj", "{2EB8FEEF-DDFA-41CC-99DD-5DD58D08DED3}"
EndProject
Project("{9A19103F-16F7-4668-BE54-9A1E7A4F7556}") = "007_Exceptions", "007_Exceptions\007_Exceptions.csproj", "{25C6333C-638B-4EC1-B283-1782398FDC43}"
EndProject
Project("{9A19103F-16F7-4668-BE54-9A1E7A4F7556}") = "008_Exceptions", "008_Exceptions\008_Exceptions.csproj", "{BBF07E5D-92F1-45C9-92FB-20A288DBA9C3}"
EndProject
Project("{9A19103F-16F7-4668-BE54-9A1E7A4F7556}") = "009_Exceptions", "009_Exceptions\009_Exceptions.csproj", "{DC6590AC-E661-46A7-94C5-62915EE0C469}"
EndProject
Project("{9A19103F-16F7-4668-BE54-9A1E7A4F7556}") = "010_Exceptions", "010_Exceptions\010_Exceptions.csproj", "{56E0E71C-42BD-453F-9876-B8AC1EA0D8E4}"
EndProject
Project("{9A19103F-16F7-4668-BE54-9A1E7A4F7556}") = "011_Exceptions", "011_Exceptions\011_Exceptions.csproj", "{24EDFC42-F6BC-4E47-A80A-62FB87663848}"
EndProject
Project("{9A19103F-16F7-4668-BE54-9A1E7A4F7556}") = "012_Exceptions", "012_Exceptions\012_Exceptions.csproj", "{07E33398-2769-4AA6-9099-963835640BB4}"
EndProject
Project("{9A19103F-16F7-4668-BE54-9A1E7A4F7556}") = "013_Exceptions", "013_Exceptions\013_Exceptions.csproj", "{F21FCB21-93C6-45D3-9FCA-FB20E4EB17F4}"
EndProject
Project("{9A19103F-16F7-4668-BE54-9A1E7A4F7556}") = "014_Logging", "014_Logging\014_Logging.csproj", "{6EF19B75-10B5-4E80-B40D-8FA7F9E5A6F4}"
EndProject
Project("{9A19103F-16F7-4668-BE54-9A1E7A4F7556}") = "015_Logging", "015_Logging\015_Logging.csproj", "{0653355A-EACA-43CB-ADD1-51A01303A972}"
EndProject
Project("{9A19103F-16F7-4668-BE54-9A1E7A4F7556}") = "016_Logging", "016_Logging\016_Logging.csproj", "{4E0C1790-146D-453E-8426-3961F9676D8E}"
EndProject
Global
	GlobalSection(SolutionConfigurationPlatforms) = preSolution
		Debug|Any CPU = Debug|Any CPU
		Release|Any CPU = Release|Any CPU
	EndGlobalSection
	GlobalSection(ProjectConfigurationPlatforms) = postSolution
		{1471BC68-1AB7-4CE3-9881-D3BA0085191A}.Debug|Any CPU.ActiveCfg = Debug|Any CPU
		{1471BC68-1AB7-4CE3-9881-D3BA0085191A}.Debug|Any CPU.Build.0 = Debug|Any CPU
		{1471BC68-1AB7-4CE3-9881-D3BA0085191A}.Release|Any CPU.ActiveCfg = Release|Any CPU
		{1471BC68-1AB7-4CE3-9881-D3BA0085191A}.Release|Any CPU.Build.0 = Release|Any CPU
		{7A0E83AF-C26E-4EF3-81CE-D58F2BED7653}.Debug|Any CPU.ActiveCfg = Debug|Any CPU
		{7A0E83AF-C26E-4EF3-81CE-D58F2BED7653}.Debug|Any CPU.Build.0 = Debug|Any CPU
		{7A0E83AF-C26E-4EF3-81CE-D58F2BED7653}.Release|Any CPU.ActiveCfg = Release|Any CPU
		{7A0E83AF-C26E-4EF3-81CE-D58F2BED7653}.Release|Any CPU.Build.0 = Release|Any CPU
		{63067CFB-55E6-4117-A245-B1BB3F2F06F4}.Debug|Any CPU.ActiveCfg = Debug|Any CPU
		{63067CFB-55E6-4117-A245-B1BB3F2F06F4}.Debug|Any CPU.Build.0 = Debug|Any CPU
		{63067CFB-55E6-4117-A245-B1BB3F2F06F4}.Release|Any CPU.ActiveCfg = Release|Any CPU
		{63067CFB-55E6-4117-A245-B1BB3F2F06F4}.Release|Any CPU.Build.0 = Release|Any CPU
		{36EBCC02-0F52-46B3-B78E-4F2E5DAE7B36}.Debug|Any CPU.ActiveCfg = Debug|Any CPU
		{36EBCC02-0F52-46B3-B78E-4F2E5DAE7B36}.Debug|Any CPU.Build.0 = Debug|Any CPU
		{36EBCC02-0F52-46B3-B78E-4F2E5DAE7B36}.Release|Any CPU.ActiveCfg = Release|Any CPU
		{36EBCC02-0F52-46B3-B78E-4F2E5DAE7B36}.Release|Any CPU.Build.0 = Release|Any CPU
		{DE076138-37D5-4107-A35B-FE3E7D6856E4}.Debug|Any CPU.ActiveCfg = Debug|Any CPU
		{DE076138-37D5-4107-A35B-FE3E7D6856E4}.Debug|Any CPU.Build.0 = Debug|Any CPU
		{DE076138-37D5-4107-A35B-FE3E7D6856E4}.Release|Any CPU.ActiveCfg = Release|Any CPU
		{DE076138-37D5-4107-A35B-FE3E7D6856E4}.Release|Any CPU.Build.0 = Release|Any CPU
		{2EB8FEEF-DDFA-41CC-99DD-5DD58D08DED3}.Debug|Any CPU.ActiveCfg = Debug|Any CPU
		{2EB8FEEF-DDFA-41CC-99DD-5DD58D08DED3}.Debug|Any CPU.Build.0 = Debug|Any CPU
		{2EB8FEEF-DDFA-41CC-99DD-5DD58D08DED3}.Release|Any CPU.ActiveCfg = Release|Any CPU
		{2EB8FEEF-DDFA-41CC-99DD-5DD58D08DED3}.Release|Any CPU.Build.0 = Release|Any CPU
		{25C6333C-638B-4EC1-B283-1782398FDC43}.Debug|Any CPU.ActiveCfg = Debug|Any CPU
		{25C6333C-638B-4EC1-B283-1782398FDC43}.Debug|Any CPU.Build.0 = Debug|Any CPU
		{25C6333C-638B-4EC1-B283-1782398FDC43}.Release|Any CPU.ActiveCfg = Release|Any CPU
		{25C6333C-638B-4EC1-B283-1782398FDC43}.Release|Any CPU.Build.0 = Release|Any CPU
		{BBF07E5D-92F1-45C9-92FB-20A288DBA9C3}.Debug|Any CPU.ActiveCfg = Debug|Any CPU
		{BBF07E5D-92F1-45C9-92FB-20A288DBA9C3}.Debug|Any CPU.Build.0 = Debug|Any CPU
		{BBF07E5D-92F1-45C9-92FB-20A288DBA9C3}.Release|Any CPU.ActiveCfg = Release|Any CPU
		{BBF07E5D-92F1-45C9-92FB-20A288DBA9C3}.Release|Any CPU.Build.0 = Release|Any CPU
		{DC6590AC-E661-46A7-94C5-62915EE0C469}.Debug|Any CPU.ActiveCfg = Debug|Any CPU
		{DC6590AC-E661-46A7-94C5-62915EE0C469}.Debug|Any CPU.Build.0 = Debug|Any CPU
		{DC6590AC-E661-46A7-94C5-62915EE0C469}.Release|Any CPU.ActiveCfg = Release|Any CPU
		{DC6590AC-E661-46A7-94C5-62915EE0C469}.Release|Any CPU.Build.0 = Release|Any CPU
		{56E0E71C-42BD-453F-9876-B8AC1EA0D8E4}.Debug|Any CPU.ActiveCfg = Debug|Any CPU
		{56E0E71C-42BD-453F-9876-B8AC1EA0D8E4}.Debug|Any CPU.Build.0 = Debug|Any CPU
		{56E0E71C-42BD-453F-9876-B8AC1EA0D8E4}.Release|Any CPU.ActiveCfg = Release|Any CPU
		{56E0E71C-42BD-453F-9876-B8AC1EA0D8E4}.Release|Any CPU.Build.0 = Release|Any CPU
		{24EDFC42-F6BC-4E47-A80A-62FB87663848}.Debug|Any CPU.ActiveCfg = Debug|Any CPU
		{24EDFC42-F6BC-4E47-A80A-62FB87663848}.Debug|Any CPU.Build.0 = Debug|Any CPU
		{24EDFC42-F6BC-4E47-A80A-62FB87663848}.Release|Any CPU.ActiveCfg = Release|Any CPU
		{24EDFC42-F6BC-4E47-A80A-62FB87663848}.Release|Any CPU.Build.0 = Release|Any CPU
		{07E33398-2769-4AA6-9099-963835640BB4}.Debug|Any CPU.ActiveCfg = Debug|Any CPU
		{07E33398-2769-4AA6-9099-963835640BB4}.Debug|Any CPU.Build.0 = Debug|Any CPU
		{07E33398-2769-4AA6-9099-963835640BB4}.Release|Any CPU.ActiveCfg = Release|Any CPU
		{07E33398-2769-4AA6-9099-963835640BB4}.Release|Any CPU.Build.0 = Release|Any CPU
		{F21FCB21-93C6-45D3-9FCA-FB20E4EB17F4}.Debug|Any CPU.ActiveCfg = Debug|Any CPU
		{F21FCB21-93C6-45D3-9FCA-FB20E4EB17F4}.Debug|Any CPU.Build.0 = Debug|Any CPU
		{F21FCB21-93C6-45D3-9FCA-FB20E4EB17F4}.Release|Any CPU.ActiveCfg = Release|Any CPU
		{F21FCB21-93C6-45D3-9FCA-FB20E4EB17F4}.Release|Any CPU.Build.0 = Release|Any CPU
		{6EF19B75-10B5-4E80-B40D-8FA7F9E5A6F4}.Debug|Any CPU.ActiveCfg = Debug|Any CPU
		{6EF19B75-10B5-4E80-B40D-8FA7F9E5A6F4}.Debug|Any CPU.Build.0 = Debug|Any CPU
		{6EF19B75-10B5-4E80-B40D-8FA7F9E5A6F4}.Release|Any CPU.ActiveCfg = Release|Any CPU
		{6EF19B75-10B5-4E80-B40D-8FA7F9E5A6F4}.Release|Any CPU.Build.0 = Release|Any CPU
		{0653355A-EACA-43CB-ADD1-51A01303A972}.Debug|Any CPU.ActiveCfg = Debug|Any CPU
		{0653355A-EACA-43CB-ADD1-51A01303A972}.Debug|Any CPU.Build.0 = Debug|Any CPU
		{0653355A-EACA-43CB-ADD1-51A01303A972}.Release|Any CPU.ActiveCfg = Release|Any CPU
		{0653355A-EACA-43CB-ADD1-51A01303A972}.Release|Any CPU.Build.0 = Release|Any CPU
		{4E0C1790-146D-453E-8426-3961F9676D8E}.Debug|Any CPU.ActiveCfg = Debug|Any CPU
		{4E0C1790-146D-453E-8426-3961F9676D8E}.Debug|Any CPU.Build.0 = Debug|Any CPU
		{4E0C1790-146D-453E-8426-3961F9676D8E}.Release|Any CPU.ActiveCfg = Release|Any CPU
		{4E0C1790-146D-453E-8426-3961F9676D8E}.Release|Any CPU.Build.0 = Release|Any CPU
	EndGlobalSection
	GlobalSection(SolutionProperties) = preSolution
		HideSolutionNode = FALSE
	EndGlobalSection
	GlobalSection(NestedProjects) = preSolution
		{1471BC68-1AB7-4CE3-9881-D3BA0085191A} = {7493D4EA-1A17-4974-9A3E-B266EFB472BC}
		{7A0E83AF-C26E-4EF3-81CE-D58F2BED7653} = {7493D4EA-1A17-4974-9A3E-B266EFB472BC}
		{63067CFB-55E6-4117-A245-B1BB3F2F06F4} = {7493D4EA-1A17-4974-9A3E-B266EFB472BC}
		{36EBCC02-0F52-46B3-B78E-4F2E5DAE7B36} = {7493D4EA-1A17-4974-9A3E-B266EFB472BC}
		{DE076138-37D5-4107-A35B-FE3E7D6856E4} = {7493D4EA-1A17-4974-9A3E-B266EFB472BC}
		{2EB8FEEF-DDFA-41CC-99DD-5DD58D08DED3} = {7493D4EA-1A17-4974-9A3E-B266EFB472BC}
		{25C6333C-638B-4EC1-B283-1782398FDC43} = {7493D4EA-1A17-4974-9A3E-B266EFB472BC}
		{BBF07E5D-92F1-45C9-92FB-20A288DBA9C3} = {7493D4EA-1A17-4974-9A3E-B266EFB472BC}
		{DC6590AC-E661-46A7-94C5-62915EE0C469} = {7493D4EA-1A17-4974-9A3E-B266EFB472BC}
		{56E0E71C-42BD-453F-9876-B8AC1EA0D8E4} = {7493D4EA-1A17-4974-9A3E-B266EFB472BC}
		{24EDFC42-F6BC-4E47-A80A-62FB87663848} = {7493D4EA-1A17-4974-9A3E-B266EFB472BC}
		{07E33398-2769-4AA6-9099-963835640BB4} = {7493D4EA-1A17-4974-9A3E-B266EFB472BC}
		{F21FCB21-93C6-45D3-9FCA-FB20E4EB17F4} = {7493D4EA-1A17-4974-9A3E-B266EFB472BC}
		{6EF19B75-10B5-4E80-B40D-8FA7F9E5A6F4} = {70E8D8AA-C430-409D-9CB9-99B631239AEE}
		{0653355A-EACA-43CB-ADD1-51A01303A972} = {70E8D8AA-C430-409D-9CB9-99B631239AEE}
		{4E0C1790-146D-453E-8426-3961F9676D8E} = {70E8D8AA-C430-409D-9CB9-99B631239AEE}
	EndGlobalSection
	GlobalSection(ExtensibilityGlobals) = postSolution
		SolutionGuid = {CA85B01C-E90E-474E-BEF7-CD9624953DBA}
	EndGlobalSection
EndGlobal
